github.com/davecgh/go-spew v1.1.1 h1:vj9j/u1bqnvCEfJOwUhtlOARqs3+rkHYY13jYWTU97c=
github.com/davecgh/go-spew v1.1.1/go.mod h1:J7Y8YcW2NihsgmVo/mv3lAwl/skON4iLHjSsI+c5H38=
github.com/pmezard/go-difflib v1.0.0 h1:4DBwDE0NGyQoBHbLQYPwSUPoCMWR5BEzIk/f1lZbAQM=
github.com/pmezard/go-difflib v1.0.0/go.mod h1:iKH77koFhYxTK1pcRnkKkqfTogsbg7gZNVY4sRDYZ/4=
github.com/stretchr/testify v1.8.4 h1:CcVxjf3Q8PM0mHUKJCdn+eZZtm5yQwehR5yeSVQQcUk=
github.com/stretchr/testify v1.8.4/go.mod h1:sz/lmYIOXD/1dqDmKjjqLyZ2RngseejIcXlSw2iwfAo=
github.com/zabawaba99/firego v0.0.0-20190331000051-3bcc4b6a4599 h1:Dp7CeY6ZqQryz7aK3h/7eCsBD9aB7bsS2LfZPcC06Co=
github.com/zabawaba99/firego v0.0.0-20190331000051-3bcc4b6a4599/go.mod h1:j54MZVdpCPLSkR7SgnKOKtrMnjbfDWEbfSb+HodFaHY=
gopkg.in/yaml.v3 v3.0.1 h1:fxVm/GzAzEWqLHuvctI91KS9hhNmmWOoWu0XTYJS7CA=
gopkg.in/yaml.v3 v3.0.1/go.mod h1:K4uyk7z7BCEPqu6E+C64Yfv1cQ7kz7rIZviUmN+EgEM=
gopkg.in/zabawaba99/firego.v1 v1.0.0-20190331000051-3bcc4b6a4599 h1:6tee3tOL08HN/dELJ2oqGniOP4rguQapttHTRL+EXds=
gopkg.in/zabawaba99/firego.v1 v1.0.0-20190331000051-3bcc4b6a4599/go.mod h1:rigVqetXSZPScx4X6R9+URJkQcxn9EDiqJxFuY2XQW0=
